github.com/rwinkhart/go-boilerplate v0.2.2 h1:SVHTAQU+HWFivtUnDBcfrgClJV5ZmHyFS7/uERh7NKU=
github.com/rwinkhart/go-boilerplate v0.2.2/go.mod h1:/NVRKGslU20E5xU5YOgXzWxA6aa94BMtv5MtHRTb5Ek=
github.com/rwinkhart/go-winio v0.1.0 h1:b72agLW+dETGmhR3VbcbwnStfgKfc5AfgJOXBJDkaHg=
github.com/rwinkhart/go-winio v0.1.0/go.mod h1:ZWa7ssZJT30CCDGJ7fk/2SBTq9BIQrrVjrcss0UW2s0=
github.com/rwinkhart/peercred-mini v0.1.2 h1:4cGWDbv0whvLeVvbUdx84V/9p+2fS+DEXgrA1KxlRFo=
github.com/rwinkhart/peercred-mini v0.1.2/go.mod h1:LLHG7YshHEpbpJJP+Il9nx2dnGj5O3VGE32rWmflj0c=
github.com/rwinkhart/sys v0.40.0 h1:ZPBbXb+27vLL518sZhhNV89jXK1KbCnFGmYJ2juOQ/c=
github.com/rwinkhart/sys v0.40.0/go.mod h1:OgkHotnGiDImocRcuBABYBEXf8A9a87e/uXjp9XT3ks=
golang.org/x/crypto v0.47.0 h1:V6e3FRj+n4dbpw86FJ8Fv7XVOql7TEwpHapKoMJ/GO8=
golang.org/x/crypto v0.47.0/go.mod h1:ff3Y9VzzKbwSSEzWqJsJVBnWmRwRSHt/6Op5n9bQc4A=
golang.org/x/term v0.39.0 h1:RclSuaJf32jOqZz74CkPA9qFuVTX7vhLlpfj/IGWlqY=
golang.org/x/term v0.39.0/go.mod h1:yxzUCTP/U+FzoxfdKmLaA0RV1WgE0VY7hXBwKtY/4ww=
