github.com/rwinkhart/go-boilerplate v0.1.0 h1:EzlVj6R7Bxtl79Nl7R5zRcg6s+Cf2FAqGIzR4giWTQg=
github.com/rwinkhart/go-boilerplate v0.1.0/go.mod h1:cnzIF45I0FCOvE4YIB+26pLCUx2kWyY2llKYZruNaRY=
github.com/rwinkhart/go-winio v0.1.0 h1:b72agLW+dETGmhR3VbcbwnStfgKfc5AfgJOXBJDkaHg=
github.com/rwinkhart/go-winio v0.1.0/go.mod h1:ZWa7ssZJT30CCDGJ7fk/2SBTq9BIQrrVjrcss0UW2s0=
github.com/rwinkhart/peercred-mini v0.1.2 h1:4cGWDbv0whvLeVvbUdx84V/9p+2fS+DEXgrA1KxlRFo=
github.com/rwinkhart/peercred-mini v0.1.2/go.mod h1:LLHG7YshHEpbpJJP+Il9nx2dnGj5O3VGE32rWmflj0c=
github.com/rwinkhart/sys v0.38.0 h1:V1PGKcUutWtD3+VdHvyvfGtPy7PDXzKHNM1IzVq1ysY=
github.com/rwinkhart/sys v0.38.0/go.mod h1:OgkHotnGiDImocRcuBABYBEXf8A9a87e/uXjp9XT3ks=
golang.org/x/crypto v0.45.0 h1:jMBrvKuj23MTlT0bQEOBcAE0mjg8mK9RXFhRH6nyF3Q=
golang.org/x/crypto v0.45.0/go.mod h1:XTGrrkGJve7CYK7J8PEww4aY7gM3qMCElcJQ8n8JdX4=
golang.org/x/term v0.37.0 h1:8EGAD0qCmHYZg6J17DvsMy9/wJ7/D/4pV/wfnld5lTU=
golang.org/x/term v0.37.0/go.mod h1:5pB4lxRNYYVZuTLmy8oR2BH8dflOR+IbTYFD8fi3254=
